version = 1
revision = 3
requires-python = ">=3.13, <4.0"

[[package]]
name = "poc-six-mwl-server"
version = "0.1.0"
source = { virtual = "." }
dependencies = [
    { name = "pydicom" },
    { name = "pynetdicom" },
]

[package.metadata]
requires-dist = [
    { name = "pydicom", specifier = "==3.0.1" },
    { name = "pynetdicom", specifier = "==3.0.4" },
]

[[package]]
name = "pydicom"
version = "3.0.1"
source = { registry = "https://pypi.org/simple" }
sdist = { url = "https://files.pythonhosted.org/packages/d7/6f/55ea163b344c91df2e03c007bebf94781f0817656e2c037d7c5bf86c3bfc/pydicom-3.0.1.tar.gz", hash = "sha256:7b8be344b5b62493c9452ba6f5a299f78f8a6ab79786c729b0613698209603ec", size = 2884731, upload-time = "2024-09-22T02:02:43.202Z" }
wheels = [
    { url = "https://files.pythonhosted.org/packages/27/a6/98651e752a49f341aa99aa3f6c8ba361728dfc064242884355419df63669/pydicom-3.0.1-py3-none-any.whl", hash = "sha256:db32f78b2641bd7972096b8289111ddab01fb221610de8d7afa835eb938adb41", size = 2376126, upload-time = "2024-09-22T02:02:41.616Z" },
]

[[package]]
name = "pynetdicom"
version = "3.0.4"
source = { registry = "https://pypi.org/simple" }
dependencies = [
    { name = "pydicom" },
]
sdist = { url = "https://files.pythonhosted.org/packages/7f/f5/5a811322d57788b3e98b363ec99f90125c842c18bf891e8def95096fc4d8/pynetdicom-3.0.4.tar.gz", hash = "sha256:567ef761d73b34a380a4350e0d10ae549d749c66da4f1bdf8793cab9a6a326e4", size = 1816295, upload-time = "2025-08-02T02:12:27.176Z" }
wheels = [
    { url = "https://files.pythonhosted.org/packages/63/77/9741d8bb92a44fefd080ee54017707609690cb848fca5fe89f6608e4df99/pynetdicom-3.0.4-py3-none-any.whl", hash = "sha256:bc3f8869db4c90634336dfb02d7b6c249771e8b167e841254997a315d8e16f72", size = 1650540, upload-time = "2025-08-02T02:12:24.936Z" },
]
